
Microsoft Visual Studio Solution File, Format Version 12.00
# Visual Studio Version 16
VisualStudioVersion = 16.0.32602.291
MinimumVisualStudioVersion = 10.0.40219.1
Project("{FAE04EC0-301F-11D3-BF4B-00C04F79EFBC}") = "WpfApp2", "WpfApp2\WpfApp2.csproj", "{BD01ECAC-3537-4B75-89DD-57CE2D304651}"
EndProject
Global
	GlobalSection(SolutionConfigurationPlatforms) = preSolution
		Debug|Any CPU = Debug|Any CPU
		Release|Any CPU = Release|Any CPU
	EndGlobalSection
	GlobalSection(ProjectConfigurationPlatforms) = postSolution
		{BD01ECAC-3537-4B75-89DD-57CE2D304651}.Debug|Any CPU.ActiveCfg = Debug|Any CPU
		{BD01ECAC-3537-4B75-89DD-57CE2D304651}.Debug|Any CPU.Build.0 = Debug|Any CPU
		{BD01ECAC-3537-4B75-89DD-57CE2D304651}.Release|Any CPU.ActiveCfg = Release|Any CPU
		{BD01ECAC-3537-4B75-89DD-57CE2D304651}.Release|Any CPU.Build.0 = Release|Any CPU
	EndGlobalSection
	GlobalSection(SolutionProperties) = preSolution
		HideSolutionNode = FALSE
	EndGlobalSection
	GlobalSection(ExtensibilityGlobals) = postSolution
		SolutionGuid = {BB5D9817-D340-4FD8-988D-27EF0B7049FD}
	EndGlobalSection
EndGlobal
